
Microsoft Visual Studio Solution File, Format Version 12.00
# Visual Studio 15
VisualStudioVersion = 15.0.26430.15
MinimumVisualStudioVersion = 10.0.40219.1
Project("{FAE04EC0-301F-11D3-BF4B-00C04F79EFBC}") = "VahanBlog", "VahanBlog\VahanBlog.csproj", "{9B0D003D-64F9-42D6-A63A-360E3AF6B97D}"
EndProject
Project("{FAE04EC0-301F-11D3-BF4B-00C04F79EFBC}") = "VahanBlogTests", "VahanBlogTests\VahanBlogTests.csproj", "{6BBBEB3A-B858-4117-ABD9-0C4EEE762DD0}"
EndProject
Global
	GlobalSection(SolutionConfigurationPlatforms) = preSolution
		Debug|Any CPU = Debug|Any CPU
		Release|Any CPU = Release|Any CPU
	EndGlobalSection
	GlobalSection(ProjectConfigurationPlatforms) = postSolution
		{9B0D003D-64F9-42D6-A63A-360E3AF6B97D}.Debug|Any CPU.ActiveCfg = Debug|Any CPU
		{9B0D003D-64F9-42D6-A63A-360E3AF6B97D}.Debug|Any CPU.Build.0 = Debug|Any CPU
		{9B0D003D-64F9-42D6-A63A-360E3AF6B97D}.Release|Any CPU.ActiveCfg = Release|Any CPU
		{9B0D003D-64F9-42D6-A63A-360E3AF6B97D}.Release|Any CPU.Build.0 = Release|Any CPU
		{6BBBEB3A-B858-4117-ABD9-0C4EEE762DD0}.Debug|Any CPU.ActiveCfg = Debug|Any CPU
		{6BBBEB3A-B858-4117-ABD9-0C4EEE762DD0}.Debug|Any CPU.Build.0 = Debug|Any CPU
		{6BBBEB3A-B858-4117-ABD9-0C4EEE762DD0}.Release|Any CPU.ActiveCfg = Release|Any CPU
		{6BBBEB3A-B858-4117-ABD9-0C4EEE762DD0}.Release|Any CPU.Build.0 = Release|Any CPU
	EndGlobalSection
	GlobalSection(SolutionProperties) = preSolution
		HideSolutionNode = FALSE
	EndGlobalSection
	GlobalSection(ExtensibilityGlobals) = postSolution
		SolutionGuid = {F9F8C585-1A21-449D-8052-3DB5E4B30FBE}
	EndGlobalSection
EndGlobal
